
Microsoft Visual Studio Solution File, Format Version 12.00
# Visual Studio Version 16
VisualStudioVersion = 16.0.32228.343
MinimumVisualStudioVersion = 10.0.40219.1
Project("{FAE04EC0-301F-11D3-BF4B-00C04F79EFBC}") = "mvcstok22", "mvcstok22\mvcstok22.csproj", "{37CDB211-6BAF-4CCB-A255-AB627CE3FA31}"
EndProject
Global
	GlobalSection(SolutionConfigurationPlatforms) = preSolution
		Debug|Any CPU = Debug|Any CPU
		Release|Any CPU = Release|Any CPU
	EndGlobalSection
	GlobalSection(ProjectConfigurationPlatforms) = postSolution
		{37CDB211-6BAF-4CCB-A255-AB627CE3FA31}.Debug|Any CPU.ActiveCfg = Debug|Any CPU
		{37CDB211-6BAF-4CCB-A255-AB627CE3FA31}.Debug|Any CPU.Build.0 = Debug|Any CPU
		{37CDB211-6BAF-4CCB-A255-AB627CE3FA31}.Release|Any CPU.ActiveCfg = Release|Any CPU
		{37CDB211-6BAF-4CCB-A255-AB627CE3FA31}.Release|Any CPU.Build.0 = Release|Any CPU
	EndGlobalSection
	GlobalSection(SolutionProperties) = preSolution
		HideSolutionNode = FALSE
	EndGlobalSection
	GlobalSection(ExtensibilityGlobals) = postSolution
		SolutionGuid = {A11685E4-41F5-486A-9CEB-F226FFAD8C44}
	EndGlobalSection
EndGlobal
